
Microsoft Visual Studio Solution File, Format Version 12.00
# Visual Studio Version 16
VisualStudioVersion = 16.0.28922.388
MinimumVisualStudioVersion = 10.0.40219.1
Project("{FAE04EC0-301F-11D3-BF4B-00C04F79EFBC}") = "TP2 - Ejercicio 2", "TP2 - Ejercicio 2\TP2 - Ejercicio 2.csproj", "{22CF4F4F-4E43-4D01-A89B-6AA9CAAD1278}"
EndProject
Project("{FAE04EC0-301F-11D3-BF4B-00C04F79EFBC}") = "TP2 - Ejercicio 1", "TP2 - Ejercicio 1\TP2 - Ejercicio 1.csproj", "{4B67A3CB-F290-48A5-B713-432A3585C391}"
EndProject
Project("{FAE04EC0-301F-11D3-BF4B-00C04F79EFBC}") = "TP1 - Ejercicio 1", "TP1 - Ejercicio 1\TP1 - Ejercicio 1.csproj", "{86C05347-F072-4D58-8DA9-DBEE3F3BD87F}"
EndProject
Project("{FAE04EC0-301F-11D3-BF4B-00C04F79EFBC}") = "TP1 - Ejercicio 2", "TP1 - Ejercicio 2\TP1 - Ejercicio 2.csproj", "{AAAAA7F9-216C-4214-ADE3-1D4DDC7998A1}"
EndProject
Project("{FAE04EC0-301F-11D3-BF4B-00C04F79EFBC}") = "TP1 - Ejercicio 3", "TP1 - Ejercicio 3\TP1 - Ejercicio 3.csproj", "{BB28EFCB-90D9-435D-9070-E6E51081F0AB}"
EndProject
Project("{FAE04EC0-301F-11D3-BF4B-00C04F79EFBC}") = "TP1 - Ejercicio 4", "TP1 - Ejercicio 4\TP1 - Ejercicio 4.csproj", "{3895E981-CE68-4B14-8209-F394CFE25EF5}"
EndProject
Project("{FAE04EC0-301F-11D3-BF4B-00C04F79EFBC}") = "TP1 - Ejercicio 5", "TP1 - Ejercicio 5\TP1 - Ejercicio 5.csproj", "{91AA2FD3-C650-4A61-BD6F-B3689E1F4577}"
EndProject
Project("{FAE04EC0-301F-11D3-BF4B-00C04F79EFBC}") = "TP5 - Ejercicio", "TP5 - Ejercicio\TP5 - Ejercicio.csproj", "{D2E96DD8-E754-4D57-A1CD-5E9E35A6C1A3}"
EndProject
Project("{FAE04EC0-301F-11D3-BF4B-00C04F79EFBC}") = "TP6 - Ejercicio", "TP6 - Ejercicio\TP6 - Ejercicio.csproj", "{406AA07E-4504-45B2-9D01-A04E6A0FBEBC}"
EndProject
Global
	GlobalSection(SolutionConfigurationPlatforms) = preSolution
		Debug|Any CPU = Debug|Any CPU
		Release|Any CPU = Release|Any CPU
	EndGlobalSection
	GlobalSection(ProjectConfigurationPlatforms) = postSolution
		{22CF4F4F-4E43-4D01-A89B-6AA9CAAD1278}.Debug|Any CPU.ActiveCfg = Debug|Any CPU
		{22CF4F4F-4E43-4D01-A89B-6AA9CAAD1278}.Debug|Any CPU.Build.0 = Debug|Any CPU
		{22CF4F4F-4E43-4D01-A89B-6AA9CAAD1278}.Release|Any CPU.ActiveCfg = Release|Any CPU
		{22CF4F4F-4E43-4D01-A89B-6AA9CAAD1278}.Release|Any CPU.Build.0 = Release|Any CPU
		{4B67A3CB-F290-48A5-B713-432A3585C391}.Debug|Any CPU.ActiveCfg = Debug|Any CPU
		{4B67A3CB-F290-48A5-B713-432A3585C391}.Debug|Any CPU.Build.0 = Debug|Any CPU
		{4B67A3CB-F290-48A5-B713-432A3585C391}.Release|Any CPU.ActiveCfg = Release|Any CPU
		{4B67A3CB-F290-48A5-B713-432A3585C391}.Release|Any CPU.Build.0 = Release|Any CPU
		{86C05347-F072-4D58-8DA9-DBEE3F3BD87F}.Debug|Any CPU.ActiveCfg = Debug|Any CPU
		{86C05347-F072-4D58-8DA9-DBEE3F3BD87F}.Debug|Any CPU.Build.0 = Debug|Any CPU
		{86C05347-F072-4D58-8DA9-DBEE3F3BD87F}.Release|Any CPU.ActiveCfg = Release|Any CPU
		{86C05347-F072-4D58-8DA9-DBEE3F3BD87F}.Release|Any CPU.Build.0 = Release|Any CPU
		{AAAAA7F9-216C-4214-ADE3-1D4DDC7998A1}.Debug|Any CPU.ActiveCfg = Debug|Any CPU
		{AAAAA7F9-216C-4214-ADE3-1D4DDC7998A1}.Debug|Any CPU.Build.0 = Debug|Any CPU
		{AAAAA7F9-216C-4214-ADE3-1D4DDC7998A1}.Release|Any CPU.ActiveCfg = Release|Any CPU
		{AAAAA7F9-216C-4214-ADE3-1D4DDC7998A1}.Release|Any CPU.Build.0 = Release|Any CPU
		{BB28EFCB-90D9-435D-9070-E6E51081F0AB}.Debug|Any CPU.ActiveCfg = Debug|Any CPU
		{BB28EFCB-90D9-435D-9070-E6E51081F0AB}.Debug|Any CPU.Build.0 = Debug|Any CPU
		{BB28EFCB-90D9-435D-9070-E6E51081F0AB}.Release|Any CPU.ActiveCfg = Release|Any CPU
		{BB28EFCB-90D9-435D-9070-E6E51081F0AB}.Release|Any CPU.Build.0 = Release|Any CPU
		{3895E981-CE68-4B14-8209-F394CFE25EF5}.Debug|Any CPU.ActiveCfg = Debug|Any CPU
		{3895E981-CE68-4B14-8209-F394CFE25EF5}.Debug|Any CPU.Build.0 = Debug|Any CPU
		{3895E981-CE68-4B14-8209-F394CFE25EF5}.Release|Any CPU.ActiveCfg = Release|Any CPU
		{3895E981-CE68-4B14-8209-F394CFE25EF5}.Release|Any CPU.Build.0 = Release|Any CPU
		{91AA2FD3-C650-4A61-BD6F-B3689E1F4577}.Debug|Any CPU.ActiveCfg = Debug|Any CPU
		{91AA2FD3-C650-4A61-BD6F-B3689E1F4577}.Debug|Any CPU.Build.0 = Debug|Any CPU
		{91AA2FD3-C650-4A61-BD6F-B3689E1F4577}.Release|Any CPU.ActiveCfg = Release|Any CPU
		{91AA2FD3-C650-4A61-BD6F-B3689E1F4577}.Release|Any CPU.Build.0 = Release|Any CPU
		{D2E96DD8-E754-4D57-A1CD-5E9E35A6C1A3}.Debug|Any CPU.ActiveCfg = Debug|Any CPU
		{D2E96DD8-E754-4D57-A1CD-5E9E35A6C1A3}.Debug|Any CPU.Build.0 = Debug|Any CPU
		{D2E96DD8-E754-4D57-A1CD-5E9E35A6C1A3}.Release|Any CPU.ActiveCfg = Release|Any CPU
		{D2E96DD8-E754-4D57-A1CD-5E9E35A6C1A3}.Release|Any CPU.Build.0 = Release|Any CPU
		{406AA07E-4504-45B2-9D01-A04E6A0FBEBC}.Debug|Any CPU.ActiveCfg = Debug|Any CPU
		{406AA07E-4504-45B2-9D01-A04E6A0FBEBC}.Debug|Any CPU.Build.0 = Debug|Any CPU
		{406AA07E-4504-45B2-9D01-A04E6A0FBEBC}.Release|Any CPU.ActiveCfg = Release|Any CPU
		{406AA07E-4504-45B2-9D01-A04E6A0FBEBC}.Release|Any CPU.Build.0 = Release|Any CPU
	EndGlobalSection
	GlobalSection(SolutionProperties) = preSolution
		HideSolutionNode = FALSE
	EndGlobalSection
	GlobalSection(ExtensibilityGlobals) = postSolution
		SolutionGuid = {6C52E2E4-DA4A-4AC9-9422-4533D059EDC2}
	EndGlobalSection
EndGlobal
